# This file was autogenerated by Stack.
# You should not edit this file by hand.
# For more information, please see the documentation at:
#   https://docs.haskellstack.org/en/stable/lock_files

packages:
- completed:
    hackage: endo-0.3.0.1@sha256:7299a456be44c72431f9193f56bb9fb21e3f76746bd7affa433f2f0bede89eb7,5289
    pantry-tree:
      sha256: bb5caf99cf9887b9a9aeb8ebb13e11254f2d32025e1e6d5260a74037a56b514e
      size: 1344
  original:
    hackage: endo-0.3.0.1@sha256:7299a456be44c72431f9193f56bb9fb21e3f76746bd7affa433f2f0bede89eb7,5289
- completed:
    hackage: network-multicast-0.3.2@sha256:521547635a6afae408ec25193b3e429082dc0442668dac7ad5cea76ccee39750,979
    pantry-tree:
      sha256: 3a7b55c4427288622cb2b21a14dd5b4da2a7b3bcad50384db9b0435a0aaacc65
      size: 393
  original:
    hackage: network-multicast-0.3.2@sha256:521547635a6afae408ec25193b3e429082dc0442668dac7ad5cea76ccee39750,979
- completed:
    hackage: servant-js-0.9.4.2@sha256:8376ab122b48427f190e9289e659a68dc382f1739ac610514f524a2c22386a52,3531
    pantry-tree:
      sha256: c28356e34444a1ce680b3f7e935d59348ab79dc25db7dbea8db3330d7c52c4e8
      size: 961
  original:
    hackage: servant-js-0.9.4.2@sha256:8376ab122b48427f190e9289e659a68dc382f1739ac610514f524a2c22386a52,3531
- completed:
    hackage: template-0.2.0.10@sha256:f822de4d34c45bc84b33a61bc112c15fedee6fa6dc414c62b10456395a868f85,987
    pantry-tree:
      sha256: e9829c39501915bc47fda35069207b7a839f9fb929b81946e151e0dda8a7fda1
      size: 339
  original:
    hackage: template-0.2.0.10@sha256:f822de4d34c45bc84b33a61bc112c15fedee6fa6dc414c62b10456395a868f85,987
snapshots:
- completed:
    sha256: 1ecad1f0bd2c27de88dbff6572446cfdf647c615d58a7e2e2085c6b7dfc04176
    size: 619403
    url: https://raw.githubusercontent.com/commercialhaskell/stackage-snapshots/master/lts/19/25.yaml
  original: lts-19.25
